# This file is @generated by PDM.
# It is not intended for manual editing.

[metadata]
groups = ["default"]
strategy = ["inherit_metadata"]
lock_version = "4.5.0"
content_hash = "sha256:41024c1162c217a8fa63b2e9bc4261c752576be42dbebe99b595b5dde94add28"

[[metadata.targets]]
requires_python = ">=3.10,<3.11"

[[package]]
name = "certifi"
version = "2024.8.30"
requires_python = ">=3.6"
summary = "Python package for providing Mozilla's CA Bundle."
groups = ["default"]
files = [
    {file = "certifi-2024.8.30-py3-none-any.whl", hash = "sha256:922820b53db7a7257ffbda3f597266d435245903d80737e34f8a45ff3e3230d8"},
    {file = "certifi-2024.8.30.tar.gz", hash = "sha256:bec941d2aa8195e248a60b31ff9f0558284cf01a52591ceda73ea9afffd69fd9"},
]

[[package]]
name = "charset-normalizer"
version = "3.3.2"
requires_python = ">=3.7.0"
summary = "The Real First Universal Charset Detector. Open, modern and actively maintained alternative to Chardet."
groups = ["default"]
files = [
    {file = "charset-normalizer-3.3.2.tar.gz", hash = "sha256:f30c3cb33b24454a82faecaf01b19c18562b1e89558fb6c56de4d9118a032fd5"},
    {file = "charset_normalizer-3.3.2-cp310-cp310-macosx_10_9_universal2.whl", hash = "sha256:25baf083bf6f6b341f4121c2f3c548875ee6f5339300e08be3f2b2ba1721cdd3"},
    {file = "charset_normalizer-3.3.2-cp310-cp310-macosx_10_9_x86_64.whl", hash = "sha256:06435b539f889b1f6f4ac1758871aae42dc3a8c0e24ac9e60c2384973ad73027"},
    {file = "charset_normalizer-3.3.2-cp310-cp310-macosx_11_0_arm64.whl", hash = "sha256:9063e24fdb1e498ab71cb7419e24622516c4a04476b17a2dab57e8baa30d6e03"},
    {file = "charset_normalizer-3.3.2-cp310-cp310-manylinux_2_17_aarch64.manylinux2014_aarch64.whl", hash = "sha256:6897af51655e3691ff853668779c7bad41579facacf5fd7253b0133308cf000d"},
    {file = "charset_normalizer-3.3.2-cp310-cp310-manylinux_2_17_ppc64le.manylinux2014_ppc64le.whl", hash = "sha256:1d3193f4a680c64b4b6a9115943538edb896edc190f0b222e73761716519268e"},
    {file = "charset_normalizer-3.3.2-cp310-cp310-manylinux_2_17_s390x.manylinux2014_s390x.whl", hash = "sha256:cd70574b12bb8a4d2aaa0094515df2463cb429d8536cfb6c7ce983246983e5a6"},
    {file = "charset_normalizer-3.3.2-cp310-cp310-manylinux_2_17_x86_64.manylinux2014_x86_64.whl", hash = "sha256:8465322196c8b4d7ab6d1e049e4c5cb460d0394da4a27d23cc242fbf0034b6b5"},
    {file = "charset_normalizer-3.3.2-cp310-cp310-manylinux_2_5_i686.manylinux1_i686.manylinux_2_17_i686.manylinux2014_i686.whl", hash = "sha256:a9a8e9031d613fd2009c182b69c7b2c1ef8239a0efb1df3f7c8da66d5dd3d537"},
    {file = "charset_normalizer-3.3.2-cp310-cp310-musllinux_1_1_aarch64.whl", hash = "sha256:beb58fe5cdb101e3a055192ac291b7a21e3b7ef4f67fa1d74e331a7f2124341c"},
    {file = "charset_normalizer-3.3.2-cp310-cp310-musllinux_1_1_i686.whl", hash = "sha256:e06ed3eb3218bc64786f7db41917d4e686cc4856944f53d5bdf83a6884432e12"},
    {file = "charset_normalizer-3.3.2-cp310-cp310-musllinux_1_1_ppc64le.whl", hash = "sha256:2e81c7b9c8979ce92ed306c249d46894776a909505d8f5a4ba55b14206e3222f"},
    {file = "charset_normalizer-3.3.2-cp310-cp310-musllinux_1_1_s390x.whl", hash = "sha256:572c3763a264ba47b3cf708a44ce965d98555f618ca42c926a9c1616d8f34269"},
    {file = "charset_normalizer-3.3.2-cp310-cp310-musllinux_1_1_x86_64.whl", hash = "sha256:fd1abc0d89e30cc4e02e4064dc67fcc51bd941eb395c502aac3ec19fab46b519"},
    {file = "charset_normalizer-3.3.2-cp310-cp310-win32.whl", hash = "sha256:3d47fa203a7bd9c5b6cee4736ee84ca03b8ef23193c0d1ca99b5089f72645c73"},
    {file = "charset_normalizer-3.3.2-cp310-cp310-win_amd64.whl", hash = "sha256:10955842570876604d404661fbccbc9c7e684caf432c09c715ec38fbae45ae09"},
    {file = "charset_normalizer-3.3.2-py3-none-any.whl", hash = "sha256:3e4d1f6587322d2788836a99c69062fbb091331ec940e02d12d179c1d53e25fc"},
]

[[package]]
name = "colorama"
version = "0.4.6"
requires_python = "!=3.0.*,!=3.1.*,!=3.2.*,!=3.3.*,!=3.4.*,!=3.5.*,!=3.6.*,>=2.7"
summary = "Cross-platform colored terminal text."
groups = ["default"]
marker = "platform_system == \"Windows\""
files = [
    {file = "colorama-0.4.6-py2.py3-none-any.whl", hash = "sha256:4f1d9991f5acc0ca119f9d443620b77f9d6b33703e51011c16baf57afb285fc6"},
    {file = "colorama-0.4.6.tar.gz", hash = "sha256:08695f5cb7ed6e0531a20572697297273c47b8cae5a63ffc6d6ed5c201be6e44"},
]

[[package]]
name = "filelock"
version = "3.16.1"
requires_python = ">=3.8"
summary = "A platform independent file lock."
groups = ["default"]
files = [
    {file = "filelock-3.16.1-py3-none-any.whl", hash = "sha256:2082e5703d51fbf98ea75855d9d5527e33d8ff23099bec374a134febee6946b0"},
    {file = "filelock-3.16.1.tar.gz", hash = "sha256:c249fbfcd5db47e5e2d6d62198e565475ee65e4831e2561c8e313fa7eb961435"},
]

[[package]]
name = "fsspec"
version = "2024.9.0"
requires_python = ">=3.8"
summary = "File-system specification"
groups = ["default"]
files = [
    {file = "fsspec-2024.9.0-py3-none-any.whl", hash = "sha256:a0947d552d8a6efa72cc2c730b12c41d043509156966cca4fb157b0f2a0c574b"},
    {file = "fsspec-2024.9.0.tar.gz", hash = "sha256:4b0afb90c2f21832df142f292649035d80b421f60a9e1c027802e5a0da2b04e8"},
]

[[package]]
name = "huggingface-hub"
version = "0.25.1"
requires_python = ">=3.8.0"
summary = "Client library to download and publish models, datasets and other repos on the huggingface.co hub"
groups = ["default"]
dependencies = [
    "filelock",
    "fsspec>=2023.5.0",
    "packaging>=20.9",
    "pyyaml>=5.1",
    "requests",
    "tqdm>=4.42.1",
    "typing-extensions>=3.7.4.3",
]
files = [
    {file = "huggingface_hub-0.25.1-py3-none-any.whl", hash = "sha256:a5158ded931b3188f54ea9028097312cb0acd50bffaaa2612014c3c526b44972"},
    {file = "huggingface_hub-0.25.1.tar.gz", hash = "sha256:9ff7cb327343211fbd06e2b149b8f362fd1e389454f3f14c6db75a4999ee20ff"},
]

[[package]]
name = "idna"
version = "3.10"
requires_python = ">=3.6"
summary = "Internationalized Domain Names in Applications (IDNA)"
groups = ["default"]
files = [
    {file = "idna-3.10-py3-none-any.whl", hash = "sha256:946d195a0d259cbba61165e88e65941f16e9b36ea6ddb97f00452bae8b1287d3"},
    {file = "idna-3.10.tar.gz", hash = "sha256:12f65c9b470abda6dc35cf8e63cc574b1c52b11df2c86030af0ac09b01b13ea9"},
]

[[package]]
name = "jinja2"
version = "3.1.4"
requires_python = ">=3.7"
summary = "A very fast and expressive template engine."
groups = ["default"]
dependencies = [
    "MarkupSafe>=2.0",
]
files = [
    {file = "jinja2-3.1.4-py3-none-any.whl", hash = "sha256:bc5dd2abb727a5319567b7a813e6a2e7318c39f4f487cfe6c89c6f9c7d25197d"},
    {file = "jinja2-3.1.4.tar.gz", hash = "sha256:4a3aee7acbbe7303aede8e9648d13b8bf88a429282aa6122a993f0ac800cb369"},
]

[[package]]
name = "lightning-whisper-mlx"
version = "0.0.10"
summary = ""
groups = ["default"]
dependencies = [
    "huggingface-hub",
    "mlx",
    "more-itertools",
    "numba",
    "numpy",
    "scipy",
    "tiktoken==0.3.3",
    "torch",
    "tqdm",
]
files = [
    {file = "lightning-whisper-mlx-0.0.10.tar.gz", hash = "sha256:00b9e5ad2226b8f1af9fa559d43c31149a5c543d958ab70f389aa459704e6562"},
    {file = "lightning_whisper_mlx-0.0.10-py3-none-any.whl", hash = "sha256:db873952bc5e79a73b6edae243bc7095a74667286181465132cbdf64ede884bb"},
]

[[package]]
name = "llvmlite"
version = "0.38.1"
requires_python = ">=3.7,<3.11"
summary = "lightweight wrapper around basic LLVM functionality"
groups = ["default"]
files = [
    {file = "llvmlite-0.38.1-cp310-cp310-macosx_10_9_x86_64.whl", hash = "sha256:a7dd2bd1d6406e7789273e3f8a304ed5d9adcfaa5768052fca7dc233a857be98"},
    {file = "llvmlite-0.38.1-cp310-cp310-macosx_11_0_arm64.whl", hash = "sha256:7a5e0ed215a576f0f872f47a70b8cb49864e0aefc8586aff5ce83e3bff47bc23"},
    {file = "llvmlite-0.38.1-cp310-cp310-manylinux_2_17_aarch64.manylinux2014_aarch64.whl", hash = "sha256:633c9026eb43b9903cc4ffbc1c7d5293b2e3ad95d06fa9eab0f6ce6ff6ea15b3"},
    {file = "llvmlite-0.38.1-cp310-cp310-manylinux_2_17_i686.manylinux2014_i686.whl", hash = "sha256:b98da8436dbc29013ea301f1fdb0d596ab53bf0ab65c976d96d00bb6faa0b479"},
    {file = "llvmlite-0.38.1-cp310-cp310-manylinux_2_17_x86_64.manylinux2014_x86_64.whl", hash = "sha256:0c0adce1793d66d009c554809f27baeb6258bf13f6fbaa12eff7443500caec25"},
    {file = "llvmlite-0.38.1-cp310-cp310-win32.whl", hash = "sha256:8c64c90a8b0b7b7e1ed1912ba82c1a3f43cf25affbe06aa3c56c84050edee8ac"},
    {file = "llvmlite-0.38.1-cp310-cp310-win_amd64.whl", hash = "sha256:ab070266f0f51304789a6c20d4be91a9e69683ad9bd4861eb89980e8eb613b3a"},
    {file = "llvmlite-0.38.1.tar.gz", hash = "sha256:0622a86301fcf81cc50d7ed5b4bebe992c030580d413a8443b328ed4f4d82561"},
]

[[package]]
name = "markupsafe"
version = "2.1.5"
requires_python = ">=3.7"
summary = "Safely add untrusted strings to HTML/XML markup."
groups = ["default"]
files = [
    {file = "MarkupSafe-2.1.5-cp310-cp310-macosx_10_9_universal2.whl", hash = "sha256:a17a92de5231666cfbe003f0e4b9b3a7ae3afb1ec2845aadc2bacc93ff85febc"},
    {file = "MarkupSafe-2.1.5-cp310-cp310-macosx_10_9_x86_64.whl", hash = "sha256:72b6be590cc35924b02c78ef34b467da4ba07e4e0f0454a2c5907f473fc50ce5"},
    {file = "MarkupSafe-2.1.5-cp310-cp310-manylinux_2_17_aarch64.manylinux2014_aarch64.whl", hash = "sha256:e61659ba32cf2cf1481e575d0462554625196a1f2fc06a1c777d3f48e8865d46"},
    {file = "MarkupSafe-2.1.5-cp310-cp310-manylinux_2_17_x86_64.manylinux2014_x86_64.whl", hash = "sha256:2174c595a0d73a3080ca3257b40096db99799265e1c27cc5a610743acd86d62f"},
    {file = "MarkupSafe-2.1.5-cp310-cp310-manylinux_2_5_i686.manylinux1_i686.manylinux_2_17_i686.manylinux2014_i686.whl", hash = "sha256:ae2ad8ae6ebee9d2d94b17fb62763125f3f374c25618198f40cbb8b525411900"},
    {file = "MarkupSafe-2.1.5-cp310-cp310-musllinux_1_1_aarch64.whl", hash = "sha256:075202fa5b72c86ad32dc7d0b56024ebdbcf2048c0ba09f1cde31bfdd57bcfff"},
    {file = "MarkupSafe-2.1.5-cp310-cp310-musllinux_1_1_i686.whl", hash = "sha256:598e3276b64aff0e7b3451b72e94fa3c238d452e7ddcd893c3ab324717456bad"},
    {file = "MarkupSafe-2.1.5-cp310-cp310-musllinux_1_1_x86_64.whl", hash = "sha256:fce659a462a1be54d2ffcacea5e3ba2d74daa74f30f5f143fe0c58636e355fdd"},
    {file = "MarkupSafe-2.1.5-cp310-cp310-win32.whl", hash = "sha256:d9fad5155d72433c921b782e58892377c44bd6252b5af2f67f16b194987338a4"},
    {file = "MarkupSafe-2.1.5-cp310-cp310-win_amd64.whl", hash = "sha256:bf50cd79a75d181c9181df03572cdce0fbb75cc353bc350712073108cba98de5"},
    {file = "MarkupSafe-2.1.5.tar.gz", hash = "sha256:d283d37a890ba4c1ae73ffadf8046435c76e7bc2247bbb63c00bd1a709c6544b"},
]

[[package]]
name = "mlx"
version = "0.18.0"
requires_python = ">=3.8"
summary = "A framework for machine learning on Apple silicon."
groups = ["default"]
files = [
    {file = "mlx-0.18.0-cp310-cp310-macosx_13_0_arm64.whl", hash = "sha256:72fe4e6b42095000feb02e600e2cd645a52bc65ad315fbc7be784a508751b666"},
    {file = "mlx-0.18.0-cp310-cp310-macosx_14_0_arm64.whl", hash = "sha256:3778726423ee937d52fad418cbf832e48a2bba1c1d298e227f424276681c0fd4"},
]

[[package]]
name = "mlx-lm"
version = "0.19.0"
requires_python = ">=3.8"
summary = "LLMs on Apple silicon with MLX and the Hugging Face Hub"
groups = ["default"]
dependencies = [
    "jinja2",
    "mlx>=0.17.0",
    "numpy",
    "protobuf",
    "pyyaml",
    "transformers[sentencepiece]>=4.39.3",
]
files = [
    {file = "mlx_lm-0.19.0-py3-none-any.whl", hash = "sha256:3c467bc894ad2efa46719d19f432091425595b0934e2ec5303348a7019653395"},
    {file = "mlx_lm-0.19.0.tar.gz", hash = "sha256:d850dd385e758c72ffbf43456a7cb752e651f1555df8bedc8818a1da8c31bf32"},
]

[[package]]
name = "more-itertools"
version = "10.5.0"
requires_python = ">=3.8"
summary = "More routines for operating on iterables, beyond itertools"
groups = ["default"]
files = [
    {file = "more-itertools-10.5.0.tar.gz", hash = "sha256:5482bfef7849c25dc3c6dd53a6173ae4795da2a41a80faea6700d9f5846c5da6"},
    {file = "more_itertools-10.5.0-py3-none-any.whl", hash = "sha256:037b0d3203ce90cca8ab1defbbdac29d5f993fc20131f3664dc8d6acfa872aef"},
]

[[package]]
name = "mpmath"
version = "1.3.0"
summary = "Python library for arbitrary-precision floating-point arithmetic"
groups = ["default"]
files = [
    {file = "mpmath-1.3.0-py3-none-any.whl", hash = "sha256:a0b2b9fe80bbcd81a6647ff13108738cfb482d481d826cc0e02f5b35e5c88d2c"},
    {file = "mpmath-1.3.0.tar.gz", hash = "sha256:7a28eb2a9774d00c7bc92411c19a89209d5da7c4c9a9e227be8330a23a25b91f"},
]

[[package]]
name = "networkx"
version = "3.3"
requires_python = ">=3.10"
summary = "Python package for creating and manipulating graphs and networks"
groups = ["default"]
files = [
    {file = "networkx-3.3-py3-none-any.whl", hash = "sha256:28575580c6ebdaf4505b22c6256a2b9de86b316dc63ba9e93abde3d78dfdbcf2"},
    {file = "networkx-3.3.tar.gz", hash = "sha256:0c127d8b2f4865f59ae9cb8aafcd60b5c70f3241ebd66f7defad7c4ab90126c9"},
]

[[package]]
name = "numba"
version = "0.55.2"
requires_python = ">=3.7,<3.11"
summary = "compiling Python code using LLVM"
groups = ["default"]
dependencies = [
    "llvmlite<0.39,>=0.38.0rc1",
    "numpy<1.23,>=1.18",
    "setuptools",
]
files = [
    {file = "numba-0.55.2-cp310-cp310-macosx_10_14_x86_64.whl", hash = "sha256:dd05f7c0ce64b6977596aa4e5a44747c6ef414d7989da1c7672337c54381a5ef"},
    {file = "numba-0.55.2-cp310-cp310-macosx_11_0_arm64.whl", hash = "sha256:e36232eccd172c583b1f021c5c48744c087ae6fc9dc5c5f0dd2cb2286e517bf8"},
    {file = "numba-0.55.2-cp310-cp310-manylinux2014_aarch64.manylinux_2_17_aarch64.whl", hash = "sha256:25410557d0deb1d97397b71e142a36772133986a7dd4fe2935786e2dd149245f"},
    {file = "numba-0.55.2-cp310-cp310-manylinux2014_i686.manylinux_2_17_i686.whl", hash = "sha256:676c081162cc9403706071c1d1d42e479c0741551ab28096ba13859a2e3e9b80"},
    {file = "numba-0.55.2-cp310-cp310-manylinux2014_x86_64.manylinux_2_17_x86_64.whl", hash = "sha256:2665ef28e900b3a55bf370daa81c12ebc64cd434116accd60c38a95a159a3182"},
    {file = "numba-0.55.2-cp310-cp310-win32.whl", hash = "sha256:d7ac9ea5feef9536ab8bfbbb3ded1a0617ea8794d7547800d535b7857800f996"},
    {file = "numba-0.55.2-cp310-cp310-win_amd64.whl", hash = "sha256:29b89a68af162acf87adeb8fbf01f6bb1effae4711b28146f95108d82e905624"},
    {file = "numba-0.55.2.tar.gz", hash = "sha256:e428d9e11d9ba592849ccc9f7a009003eb7d30612007e365afe743ce7118c6f4"},
]

[[package]]
name = "numpy"
version = "1.22.4"
requires_python = ">=3.8"
summary = "NumPy is the fundamental package for array computing with Python."
groups = ["default"]
files = [
    {file = "numpy-1.22.4-cp310-cp310-macosx_10_14_x86_64.whl", hash = "sha256:ba9ead61dfb5d971d77b6c131a9dbee62294a932bf6a356e48c75ae684e635b3"},
    {file = "numpy-1.22.4-cp310-cp310-macosx_10_15_x86_64.whl", hash = "sha256:1ce7ab2053e36c0a71e7a13a7475bd3b1f54750b4b433adc96313e127b870887"},
    {file = "numpy-1.22.4-cp310-cp310-macosx_11_0_arm64.whl", hash = "sha256:7228ad13744f63575b3a972d7ee4fd61815b2879998e70930d4ccf9ec721dce0"},
    {file = "numpy-1.22.4-cp310-cp310-manylinux_2_17_aarch64.manylinux2014_aarch64.whl", hash = "sha256:43a8ca7391b626b4c4fe20aefe79fec683279e31e7c79716863b4b25021e0e74"},
    {file = "numpy-1.22.4-cp310-cp310-manylinux_2_17_x86_64.manylinux2014_x86_64.whl", hash = "sha256:a911e317e8c826ea632205e63ed8507e0dc877dcdc49744584dfc363df9ca08c"},
    {file = "numpy-1.22.4-cp310-cp310-win32.whl", hash = "sha256:9ce7df0abeabe7fbd8ccbf343dc0db72f68549856b863ae3dd580255d009648e"},
    {file = "numpy-1.22.4-cp310-cp310-win_amd64.whl", hash = "sha256:3e1ffa4748168e1cc8d3cde93f006fe92b5421396221a02f2274aab6ac83b077"},
    {file = "numpy-1.22.4.zip", hash = "sha256:425b390e4619f58d8526b3dcf656dde069133ae5c240229821f01b5f44ea07af"},
]

[[package]]
name = "nvidia-cublas-cu12"
version = "12.1.3.1"
requires_python = ">=3"
summary = "CUBLAS native runtime libraries"
groups = ["default"]
marker = "platform_system == \"Linux\" and platform_machine == \"x86_64\""
files = [
    {file = "nvidia_cublas_cu12-12.1.3.1-py3-none-manylinux1_x86_64.whl", hash = "sha256:ee53ccca76a6fc08fb9701aa95b6ceb242cdaab118c3bb152af4e579af792728"},
    {file = "nvidia_cublas_cu12-12.1.3.1-py3-none-win_amd64.whl", hash = "sha256:2b964d60e8cf11b5e1073d179d85fa340c120e99b3067558f3cf98dd69d02906"},
]

[[package]]
name = "nvidia-cuda-cupti-cu12"
version = "12.1.105"
requires_python = ">=3"
summary = "CUDA profiling tools runtime libs."
groups = ["default"]
marker = "platform_system == \"Linux\" and platform_machine == \"x86_64\""
files = [
    {file = "nvidia_cuda_cupti_cu12-12.1.105-py3-none-manylinux1_x86_64.whl", hash = "sha256:e54fde3983165c624cb79254ae9818a456eb6e87a7fd4d56a2352c24ee542d7e"},
    {file = "nvidia_cuda_cupti_cu12-12.1.105-py3-none-win_amd64.whl", hash = "sha256:bea8236d13a0ac7190bd2919c3e8e6ce1e402104276e6f9694479e48bb0eb2a4"},
]

[[package]]
name = "nvidia-cuda-nvrtc-cu12"
version = "12.1.105"
requires_python = ">=3"
summary = "NVRTC native runtime libraries"
groups = ["default"]
marker = "platform_system == \"Linux\" and platform_machine == \"x86_64\""
files = [
    {file = "nvidia_cuda_nvrtc_cu12-12.1.105-py3-none-manylinux1_x86_64.whl", hash = "sha256:339b385f50c309763ca65456ec75e17bbefcbbf2893f462cb8b90584cd27a1c2"},
    {file = "nvidia_cuda_nvrtc_cu12-12.1.105-py3-none-win_amd64.whl", hash = "sha256:0a98a522d9ff138b96c010a65e145dc1b4850e9ecb75a0172371793752fd46ed"},
]

[[package]]
name = "nvidia-cuda-runtime-cu12"
version = "12.1.105"
requires_python = ">=3"
summary = "CUDA Runtime native Libraries"
groups = ["default"]
marker = "platform_system == \"Linux\" and platform_machine == \"x86_64\""
files = [
    {file = "nvidia_cuda_runtime_cu12-12.1.105-py3-none-manylinux1_x86_64.whl", hash = "sha256:6e258468ddf5796e25f1dc591a31029fa317d97a0a94ed93468fc86301d61e40"},
    {file = "nvidia_cuda_runtime_cu12-12.1.105-py3-none-win_amd64.whl", hash = "sha256:dfb46ef84d73fababab44cf03e3b83f80700d27ca300e537f85f636fac474344"},
]

[[package]]
name = "nvidia-cudnn-cu12"
version = "9.1.0.70"
requires_python = ">=3"
summary = "cuDNN runtime libraries"
groups = ["default"]
marker = "platform_system == \"Linux\" and platform_machine == \"x86_64\""
dependencies = [
    "nvidia-cublas-cu12",
]
files = [
    {file = "nvidia_cudnn_cu12-9.1.0.70-py3-none-manylinux2014_x86_64.whl", hash = "sha256:165764f44ef8c61fcdfdfdbe769d687e06374059fbb388b6c89ecb0e28793a6f"},
    {file = "nvidia_cudnn_cu12-9.1.0.70-py3-none-win_amd64.whl", hash = "sha256:6278562929433d68365a07a4a1546c237ba2849852c0d4b2262a486e805b977a"},
]

[[package]]
name = "nvidia-cufft-cu12"
version = "11.0.2.54"
requires_python = ">=3"
summary = "CUFFT native runtime libraries"
groups = ["default"]
marker = "platform_system == \"Linux\" and platform_machine == \"x86_64\""
files = [
    {file = "nvidia_cufft_cu12-11.0.2.54-py3-none-manylinux1_x86_64.whl", hash = "sha256:794e3948a1aa71fd817c3775866943936774d1c14e7628c74f6f7417224cdf56"},
    {file = "nvidia_cufft_cu12-11.0.2.54-py3-none-win_amd64.whl", hash = "sha256:d9ac353f78ff89951da4af698f80870b1534ed69993f10a4cf1d96f21357e253"},
]

[[package]]
name = "nvidia-curand-cu12"
version = "10.3.2.106"
requires_python = ">=3"
summary = "CURAND native runtime libraries"
groups = ["default"]
marker = "platform_system == \"Linux\" and platform_machine == \"x86_64\""
files = [
    {file = "nvidia_curand_cu12-10.3.2.106-py3-none-manylinux1_x86_64.whl", hash = "sha256:9d264c5036dde4e64f1de8c50ae753237c12e0b1348738169cd0f8a536c0e1e0"},
    {file = "nvidia_curand_cu12-10.3.2.106-py3-none-win_amd64.whl", hash = "sha256:75b6b0c574c0037839121317e17fd01f8a69fd2ef8e25853d826fec30bdba74a"},
]

[[package]]
name = "nvidia-cusolver-cu12"
version = "11.4.5.107"
requires_python = ">=3"
summary = "CUDA solver native runtime libraries"
groups = ["default"]
marker = "platform_system == \"Linux\" and platform_machine == \"x86_64\""
dependencies = [
    "nvidia-cublas-cu12",
    "nvidia-cusparse-cu12",
    "nvidia-nvjitlink-cu12",
]
files = [
    {file = "nvidia_cusolver_cu12-11.4.5.107-py3-none-manylinux1_x86_64.whl", hash = "sha256:8a7ec542f0412294b15072fa7dab71d31334014a69f953004ea7a118206fe0dd"},
    {file = "nvidia_cusolver_cu12-11.4.5.107-py3-none-win_amd64.whl", hash = "sha256:74e0c3a24c78612192a74fcd90dd117f1cf21dea4822e66d89e8ea80e3cd2da5"},
]

[[package]]
name = "nvidia-cusparse-cu12"
version = "12.1.0.106"
requires_python = ">=3"
summary = "CUSPARSE native runtime libraries"
groups = ["default"]
marker = "platform_system == \"Linux\" and platform_machine == \"x86_64\""
dependencies = [
    "nvidia-nvjitlink-cu12",
]
files = [
    {file = "nvidia_cusparse_cu12-12.1.0.106-py3-none-manylinux1_x86_64.whl", hash = "sha256:f3b50f42cf363f86ab21f720998517a659a48131e8d538dc02f8768237bd884c"},
    {file = "nvidia_cusparse_cu12-12.1.0.106-py3-none-win_amd64.whl", hash = "sha256:b798237e81b9719373e8fae8d4f091b70a0cf09d9d85c95a557e11df2d8e9a5a"},
]

[[package]]
name = "nvidia-nccl-cu12"
version = "2.20.5"
requires_python = ">=3"
summary = "NVIDIA Collective Communication Library (NCCL) Runtime"
groups = ["default"]
marker = "platform_system == \"Linux\" and platform_machine == \"x86_64\""
files = [
    {file = "nvidia_nccl_cu12-2.20.5-py3-none-manylinux2014_aarch64.whl", hash = "sha256:1fc150d5c3250b170b29410ba682384b14581db722b2531b0d8d33c595f33d01"},
    {file = "nvidia_nccl_cu12-2.20.5-py3-none-manylinux2014_x86_64.whl", hash = "sha256:057f6bf9685f75215d0c53bf3ac4a10b3e6578351de307abad9e18a99182af56"},
]

[[package]]
name = "nvidia-nvjitlink-cu12"
version = "12.6.77"
requires_python = ">=3"
summary = "Nvidia JIT LTO Library"
groups = ["default"]
marker = "platform_system == \"Linux\" and platform_machine == \"x86_64\""
files = [
    {file = "nvidia_nvjitlink_cu12-12.6.77-py3-none-manylinux2014_aarch64.whl", hash = "sha256:3bf10d85bb1801e9c894c6e197e44dd137d2a0a9e43f8450e9ad13f2df0dd52d"},
    {file = "nvidia_nvjitlink_cu12-12.6.77-py3-none-manylinux2014_x86_64.whl", hash = "sha256:9ae346d16203ae4ea513be416495167a0101d33d2d14935aa9c1829a3fb45142"},
    {file = "nvidia_nvjitlink_cu12-12.6.77-py3-none-win_amd64.whl", hash = "sha256:410718cd44962bed862a31dd0318620f6f9a8b28a6291967bcfcb446a6516771"},
]

[[package]]
name = "nvidia-nvtx-cu12"
version = "12.1.105"
requires_python = ">=3"
summary = "NVIDIA Tools Extension"
groups = ["default"]
marker = "platform_system == \"Linux\" and platform_machine == \"x86_64\""
files = [
    {file = "nvidia_nvtx_cu12-12.1.105-py3-none-manylinux1_x86_64.whl", hash = "sha256:dc21cf308ca5691e7c04d962e213f8a4aa9bbfa23d95412f452254c2caeb09e5"},
    {file = "nvidia_nvtx_cu12-12.1.105-py3-none-win_amd64.whl", hash = "sha256:65f4d98982b31b60026e0e6de73fbdfc09d08a96f4656dd3665ca616a11e1e82"},
]

[[package]]
name = "packaging"
version = "24.1"
requires_python = ">=3.8"
summary = "Core utilities for Python packages"
groups = ["default"]
files = [
    {file = "packaging-24.1-py3-none-any.whl", hash = "sha256:5b8f2217dbdbd2f7f384c41c628544e6d52f2d0f53c6d0c3ea61aa5d1d7ff124"},
    {file = "packaging-24.1.tar.gz", hash = "sha256:026ed72c8ed3fcce5bf8950572258698927fd1dbda10a5e981cdf0ac37f4f002"},
]

[[package]]
name = "protobuf"
version = "5.28.2"
requires_python = ">=3.8"
summary = ""
groups = ["default"]
files = [
    {file = "protobuf-5.28.2-cp310-abi3-win32.whl", hash = "sha256:eeea10f3dc0ac7e6b4933d32db20662902b4ab81bf28df12218aa389e9c2102d"},
    {file = "protobuf-5.28.2-cp310-abi3-win_amd64.whl", hash = "sha256:2c69461a7fcc8e24be697624c09a839976d82ae75062b11a0972e41fd2cd9132"},
    {file = "protobuf-5.28.2-cp38-abi3-macosx_10_9_universal2.whl", hash = "sha256:a8b9403fc70764b08d2f593ce44f1d2920c5077bf7d311fefec999f8c40f78b7"},
    {file = "protobuf-5.28.2-cp38-abi3-manylinux2014_aarch64.whl", hash = "sha256:35cfcb15f213449af7ff6198d6eb5f739c37d7e4f1c09b5d0641babf2cc0c68f"},
    {file = "protobuf-5.28.2-cp38-abi3-manylinux2014_x86_64.whl", hash = "sha256:5e8a95246d581eef20471b5d5ba010d55f66740942b95ba9b872d918c459452f"},
    {file = "protobuf-5.28.2-py3-none-any.whl", hash = "sha256:52235802093bd8a2811abbe8bf0ab9c5f54cca0a751fdd3f6ac2a21438bffece"},
    {file = "protobuf-5.28.2.tar.gz", hash = "sha256:59379674ff119717404f7454647913787034f03fe7049cbef1d74a97bb4593f0"},
]

[[package]]
name = "pyaudio"
version = "0.2.14"
summary = "Cross-platform audio I/O with PortAudio"
groups = ["default"]
files = [
    {file = "PyAudio-0.2.14-cp310-cp310-win32.whl", hash = "sha256:126065b5e82a1c03ba16e7c0404d8f54e17368836e7d2d92427358ad44fefe61"},
    {file = "PyAudio-0.2.14-cp310-cp310-win_amd64.whl", hash = "sha256:2a166fc88d435a2779810dd2678354adc33499e9d4d7f937f28b20cc55893e83"},
    {file = "PyAudio-0.2.14.tar.gz", hash = "sha256:78dfff3879b4994d1f4fc6485646a57755c6ee3c19647a491f790a0895bd2f87"},
]

[[package]]
name = "pyyaml"
version = "6.0.2"
requires_python = ">=3.8"
summary = "YAML parser and emitter for Python"
groups = ["default"]
files = [
    {file = "PyYAML-6.0.2-cp310-cp310-macosx_10_9_x86_64.whl", hash = "sha256:0a9a2848a5b7feac301353437eb7d5957887edbf81d56e903999a75a3d743086"},
    {file = "PyYAML-6.0.2-cp310-cp310-macosx_11_0_arm64.whl", hash = "sha256:29717114e51c84ddfba879543fb232a6ed60086602313ca38cce623c1d62cfbf"},
    {file = "PyYAML-6.0.2-cp310-cp310-manylinux_2_17_aarch64.manylinux2014_aarch64.whl", hash = "sha256:8824b5a04a04a047e72eea5cec3bc266db09e35de6bdfe34c9436ac5ee27d237"},
    {file = "PyYAML-6.0.2-cp310-cp310-manylinux_2_17_s390x.manylinux2014_s390x.whl", hash = "sha256:7c36280e6fb8385e520936c3cb3b8042851904eba0e58d277dca80a5cfed590b"},
    {file = "PyYAML-6.0.2-cp310-cp310-manylinux_2_17_x86_64.manylinux2014_x86_64.whl", hash = "sha256:ec031d5d2feb36d1d1a24380e4db6d43695f3748343d99434e6f5f9156aaa2ed"},
    {file = "PyYAML-6.0.2-cp310-cp310-musllinux_1_1_aarch64.whl", hash = "sha256:936d68689298c36b53b29f23c6dbb74de12b4ac12ca6cfe0e047bedceea56180"},
    {file = "PyYAML-6.0.2-cp310-cp310-musllinux_1_1_x86_64.whl", hash = "sha256:23502f431948090f597378482b4812b0caae32c22213aecf3b55325e049a6c68"},
    {file = "PyYAML-6.0.2-cp310-cp310-win32.whl", hash = "sha256:2e99c6826ffa974fe6e27cdb5ed0021786b03fc98e5ee3c5bfe1fd5015f42b99"},
    {file = "PyYAML-6.0.2-cp310-cp310-win_amd64.whl", hash = "sha256:a4d3091415f010369ae4ed1fc6b79def9416358877534caf6a0fdd2146c87a3e"},
    {file = "pyyaml-6.0.2.tar.gz", hash = "sha256:d584d9ec91ad65861cc08d42e834324ef890a082e591037abe114850ff7bbc3e"},
]

[[package]]
name = "regex"
version = "2024.9.11"
requires_python = ">=3.8"
summary = "Alternative regular expression module, to replace re."
groups = ["default"]
files = [
    {file = "regex-2024.9.11-cp310-cp310-macosx_10_9_universal2.whl", hash = "sha256:1494fa8725c285a81d01dc8c06b55287a1ee5e0e382d8413adc0a9197aac6408"},
    {file = "regex-2024.9.11-cp310-cp310-macosx_10_9_x86_64.whl", hash = "sha256:0e12c481ad92d129c78f13a2a3662317e46ee7ef96c94fd332e1c29131875b7d"},
    {file = "regex-2024.9.11-cp310-cp310-macosx_11_0_arm64.whl", hash = "sha256:16e13a7929791ac1216afde26f712802e3df7bf0360b32e4914dca3ab8baeea5"},
    {file = "regex-2024.9.11-cp310-cp310-manylinux_2_17_aarch64.manylinux2014_aarch64.whl", hash = "sha256:46989629904bad940bbec2106528140a218b4a36bb3042d8406980be1941429c"},
    {file = "regex-2024.9.11-cp310-cp310-manylinux_2_17_ppc64le.manylinux2014_ppc64le.whl", hash = "sha256:a906ed5e47a0ce5f04b2c981af1c9acf9e8696066900bf03b9d7879a6f679fc8"},
    {file = "regex-2024.9.11-cp310-cp310-manylinux_2_17_s390x.manylinux2014_s390x.whl", hash = "sha256:e9a091b0550b3b0207784a7d6d0f1a00d1d1c8a11699c1a4d93db3fbefc3ad35"},
    {file = "regex-2024.9.11-cp310-cp310-manylinux_2_17_x86_64.manylinux2014_x86_64.whl", hash = "sha256:5ddcd9a179c0a6fa8add279a4444015acddcd7f232a49071ae57fa6e278f1f71"},
    {file = "regex-2024.9.11-cp310-cp310-manylinux_2_5_i686.manylinux1_i686.manylinux_2_17_i686.manylinux2014_i686.whl", hash = "sha256:6b41e1adc61fa347662b09398e31ad446afadff932a24807d3ceb955ed865cc8"},
    {file = "regex-2024.9.11-cp310-cp310-manylinux_2_5_x86_64.manylinux1_x86_64.manylinux_2_12_x86_64.manylinux2010_x86_64.whl", hash = "sha256:ced479f601cd2f8ca1fd7b23925a7e0ad512a56d6e9476f79b8f381d9d37090a"},
    {file = "regex-2024.9.11-cp310-cp310-musllinux_1_2_aarch64.whl", hash = "sha256:635a1d96665f84b292e401c3d62775851aedc31d4f8784117b3c68c4fcd4118d"},
    {file = "regex-2024.9.11-cp310-cp310-musllinux_1_2_i686.whl", hash = "sha256:c0256beda696edcf7d97ef16b2a33a8e5a875affd6fa6567b54f7c577b30a137"},
    {file = "regex-2024.9.11-cp310-cp310-musllinux_1_2_ppc64le.whl", hash = "sha256:3ce4f1185db3fbde8ed8aa223fc9620f276c58de8b0d4f8cc86fd1360829edb6"},
    {file = "regex-2024.9.11-cp310-cp310-musllinux_1_2_s390x.whl", hash = "sha256:09d77559e80dcc9d24570da3745ab859a9cf91953062e4ab126ba9d5993688ca"},
    {file = "regex-2024.9.11-cp310-cp310-musllinux_1_2_x86_64.whl", hash = "sha256:7a22ccefd4db3f12b526eccb129390942fe874a3a9fdbdd24cf55773a1faab1a"},
    {file = "regex-2024.9.11-cp310-cp310-win32.whl", hash = "sha256:f745ec09bc1b0bd15cfc73df6fa4f726dcc26bb16c23a03f9e3367d357eeedd0"},
    {file = "regex-2024.9.11-cp310-cp310-win_amd64.whl", hash = "sha256:01c2acb51f8a7d6494c8c5eafe3d8e06d76563d8a8a4643b37e9b2dd8a2ff623"},
    {file = "regex-2024.9.11.tar.gz", hash = "sha256:6c188c307e8433bcb63dc1915022deb553b4203a70722fc542c363bf120a01fd"},
]

[[package]]
name = "requests"
version = "2.32.3"
requires_python = ">=3.8"
summary = "Python HTTP for Humans."
groups = ["default"]
dependencies = [
    "certifi>=2017.4.17",
    "charset-normalizer<4,>=2",
    "idna<4,>=2.5",
    "urllib3<3,>=1.21.1",
]
files = [
    {file = "requests-2.32.3-py3-none-any.whl", hash = "sha256:70761cfe03c773ceb22aa2f671b4757976145175cdfca038c02654d061d6dcc6"},
    {file = "requests-2.32.3.tar.gz", hash = "sha256:55365417734eb18255590a9ff9eb97e9e1da868d4ccd6402399eaf68af20a760"},
]

[[package]]
name = "safetensors"
version = "0.4.5"
requires_python = ">=3.7"
summary = ""
groups = ["default"]
files = [
    {file = "safetensors-0.4.5-cp310-cp310-macosx_10_12_x86_64.whl", hash = "sha256:a63eaccd22243c67e4f2b1c3e258b257effc4acd78f3b9d397edc8cf8f1298a7"},
    {file = "safetensors-0.4.5-cp310-cp310-macosx_11_0_arm64.whl", hash = "sha256:23fc9b4ec7b602915cbb4ec1a7c1ad96d2743c322f20ab709e2c35d1b66dad27"},
    {file = "safetensors-0.4.5-cp310-cp310-manylinux_2_17_aarch64.manylinux2014_aarch64.whl", hash = "sha256:6885016f34bef80ea1085b7e99b3c1f92cb1be78a49839203060f67b40aee761"},
    {file = "safetensors-0.4.5-cp310-cp310-manylinux_2_17_armv7l.manylinux2014_armv7l.whl", hash = "sha256:133620f443450429322f238fda74d512c4008621227fccf2f8cf4a76206fea7c"},
    {file = "safetensors-0.4.5-cp310-cp310-manylinux_2_17_ppc64le.manylinux2014_ppc64le.whl", hash = "sha256:4fb3e0609ec12d2a77e882f07cced530b8262027f64b75d399f1504ffec0ba56"},
    {file = "safetensors-0.4.5-cp310-cp310-manylinux_2_17_s390x.manylinux2014_s390x.whl", hash = "sha256:d0f1dd769f064adc33831f5e97ad07babbd728427f98e3e1db6902e369122737"},
    {file = "safetensors-0.4.5-cp310-cp310-manylinux_2_17_x86_64.manylinux2014_x86_64.whl", hash = "sha256:c6d156bdb26732feada84f9388a9f135528c1ef5b05fae153da365ad4319c4c5"},
    {file = "safetensors-0.4.5-cp310-cp310-manylinux_2_5_i686.manylinux1_i686.whl", hash = "sha256:9e347d77e2c77eb7624400ccd09bed69d35c0332f417ce8c048d404a096c593b"},
    {file = "safetensors-0.4.5-cp310-cp310-musllinux_1_1_aarch64.whl", hash = "sha256:9f556eea3aec1d3d955403159fe2123ddd68e880f83954ee9b4a3f2e15e716b6"},
    {file = "safetensors-0.4.5-cp310-cp310-musllinux_1_1_x86_64.whl", hash = "sha256:9483f42be3b6bc8ff77dd67302de8ae411c4db39f7224dec66b0eb95822e4163"},
    {file = "safetensors-0.4.5-cp310-none-win32.whl", hash = "sha256:7389129c03fadd1ccc37fd1ebbc773f2b031483b04700923c3511d2a939252cc"},
    {file = "safetensors-0.4.5-cp310-none-win_amd64.whl", hash = "sha256:e98ef5524f8b6620c8cdef97220c0b6a5c1cef69852fcd2f174bb96c2bb316b1"},
    {file = "safetensors-0.4.5-pp310-pypy310_pp73-macosx_10_12_x86_64.whl", hash = "sha256:fdadf66b5a22ceb645d5435a0be7a0292ce59648ca1d46b352f13cff3ea80410"},
    {file = "safetensors-0.4.5-pp310-pypy310_pp73-macosx_11_0_arm64.whl", hash = "sha256:d42ffd4c2259f31832cb17ff866c111684c87bd930892a1ba53fed28370c918c"},
    {file = "safetensors-0.4.5-pp310-pypy310_pp73-manylinux_2_17_aarch64.manylinux2014_aarch64.whl", hash = "sha256:dd8a1f6d2063a92cd04145c7fd9e31a1c7d85fbec20113a14b487563fdbc0597"},
    {file = "safetensors-0.4.5-pp310-pypy310_pp73-manylinux_2_17_x86_64.manylinux2014_x86_64.whl", hash = "sha256:951d2fcf1817f4fb0ef0b48f6696688a4e852a95922a042b3f96aaa67eedc920"},
    {file = "safetensors-0.4.5-pp310-pypy310_pp73-manylinux_2_5_i686.manylinux1_i686.whl", hash = "sha256:6ac85d9a8c1af0e3132371d9f2d134695a06a96993c2e2f0bbe25debb9e3f67a"},
    {file = "safetensors-0.4.5-pp310-pypy310_pp73-musllinux_1_1_aarch64.whl", hash = "sha256:e3cec4a29eb7fe8da0b1c7988bc3828183080439dd559f720414450de076fcab"},
    {file = "safetensors-0.4.5-pp310-pypy310_pp73-musllinux_1_1_x86_64.whl", hash = "sha256:21742b391b859e67b26c0b2ac37f52c9c0944a879a25ad2f9f9f3cd61e7fda8f"},
    {file = "safetensors-0.4.5.tar.gz", hash = "sha256:d73de19682deabb02524b3d5d1f8b3aaba94c72f1bbfc7911b9b9d5d391c0310"},
]

[[package]]
name = "scipy"
version = "1.13.1"
requires_python = ">=3.9"
summary = "Fundamental algorithms for scientific computing in Python"
groups = ["default"]
dependencies = [
    "numpy<2.3,>=1.22.4",
]
files = [
    {file = "scipy-1.13.1-cp310-cp310-macosx_10_9_x86_64.whl", hash = "sha256:20335853b85e9a49ff7572ab453794298bcf0354d8068c5f6775a0eabf350aca"},
    {file = "scipy-1.13.1-cp310-cp310-macosx_12_0_arm64.whl", hash = "sha256:d605e9c23906d1994f55ace80e0125c587f96c020037ea6aa98d01b4bd2e222f"},
    {file = "scipy-1.13.1-cp310-cp310-manylinux_2_17_aarch64.manylinux2014_aarch64.whl", hash = "sha256:cfa31f1def5c819b19ecc3a8b52d28ffdcc7ed52bb20c9a7589669dd3c250989"},
    {file = "scipy-1.13.1-cp310-cp310-manylinux_2_17_x86_64.manylinux2014_x86_64.whl", hash = "sha256:f26264b282b9da0952a024ae34710c2aff7d27480ee91a2e82b7b7073c24722f"},
    {file = "scipy-1.13.1-cp310-cp310-musllinux_1_1_x86_64.whl", hash = "sha256:eccfa1906eacc02de42d70ef4aecea45415f5be17e72b61bafcfd329bdc52e94"},
    {file = "scipy-1.13.1-cp310-cp310-win_amd64.whl", hash = "sha256:2831f0dc9c5ea9edd6e51e6e769b655f08ec6db6e2e10f86ef39bd32eb11da54"},
    {file = "scipy-1.13.1.tar.gz", hash = "sha256:095a87a0312b08dfd6a6155cbbd310a8c51800fc931b8c0b84003014b874ed3c"},
]

[[package]]
name = "semantic-version"
version = "2.10.0"
requires_python = ">=2.7"
summary = "A library implementing the 'SemVer' scheme."
groups = ["default"]
files = [
    {file = "semantic_version-2.10.0-py2.py3-none-any.whl", hash = "sha256:de78a3b8e0feda74cabc54aab2da702113e33ac9d9eb9d2389bcf1f58b7d9177"},
    {file = "semantic_version-2.10.0.tar.gz", hash = "sha256:bdabb6d336998cbb378d4b9db3a4b56a1e3235701dc05ea2690d9a997ed5041c"},
]

[[package]]
name = "sentencepiece"
version = "0.2.0"
summary = "SentencePiece python wrapper"
groups = ["default"]
files = [
    {file = "sentencepiece-0.2.0-cp310-cp310-macosx_10_9_universal2.whl", hash = "sha256:188779e1298a1c8b8253c7d3ad729cb0a9891e5cef5e5d07ce4592c54869e227"},
    {file = "sentencepiece-0.2.0-cp310-cp310-macosx_10_9_x86_64.whl", hash = "sha256:bed9cf85b296fa2b76fc2547b9cbb691a523864cebaee86304c43a7b4cb1b452"},
    {file = "sentencepiece-0.2.0-cp310-cp310-macosx_11_0_arm64.whl", hash = "sha256:d7b67e724bead13f18db6e1d10b6bbdc454af574d70efbb36f27d90387be1ca3"},
    {file = "sentencepiece-0.2.0-cp310-cp310-manylinux_2_17_aarch64.manylinux2014_aarch64.whl", hash = "sha256:2fde4b08cfe237be4484c6c7c2e2c75fb862cfeab6bd5449ce4caeafd97b767a"},
    {file = "sentencepiece-0.2.0-cp310-cp310-manylinux_2_17_i686.manylinux2014_i686.whl", hash = "sha256:4c378492056202d1c48a4979650981635fd97875a00eabb1f00c6a236b013b5e"},
    {file = "sentencepiece-0.2.0-cp310-cp310-manylinux_2_17_x86_64.manylinux2014_x86_64.whl", hash = "sha256:1380ce6540a368de2ef6d7e6ba14ba8f3258df650d39ba7d833b79ee68a52040"},
    {file = "sentencepiece-0.2.0-cp310-cp310-win32.whl", hash = "sha256:a1151d6a6dd4b43e552394aed0edfe9292820272f0194bd56c7c1660a0c06c3d"},
    {file = "sentencepiece-0.2.0-cp310-cp310-win_amd64.whl", hash = "sha256:d490142b0521ef22bc1085f061d922a2a6666175bb6b42e588ff95c0db6819b2"},
    {file = "sentencepiece-0.2.0.tar.gz", hash = "sha256:a52c19171daaf2e697dc6cbe67684e0fa341b1248966f6aebb541de654d15843"},
]

[[package]]
name = "setuptools"
version = "75.1.0"
requires_python = ">=3.8"
summary = "Easily download, build, install, upgrade, and uninstall Python packages"
groups = ["default"]
files = [
    {file = "setuptools-75.1.0-py3-none-any.whl", hash = "sha256:35ab7fd3bcd95e6b7fd704e4a1539513edad446c097797f2985e0e4b960772f2"},
    {file = "setuptools-75.1.0.tar.gz", hash = "sha256:d59a21b17a275fb872a9c3dae73963160ae079f1049ed956880cd7c09b120538"},
]

[[package]]
name = "setuptools-rust"
version = "1.10.2"
requires_python = ">=3.8"
summary = "Setuptools Rust extension plugin"
groups = ["default"]
dependencies = [
    "semantic-version<3,>=2.8.2",
    "setuptools>=62.4",
]
files = [
    {file = "setuptools_rust-1.10.2-py3-none-any.whl", hash = "sha256:4b39c435ae9670315d522ed08fa0e8cb29f2a6048033966b6be2571a90ce4f1c"},
    {file = "setuptools_rust-1.10.2.tar.gz", hash = "sha256:5d73e7eee5f87a6417285b617c97088a7c20d1a70fcea60e3bdc94ff567c29dc"},
]

[[package]]
name = "sympy"
version = "1.13.3"
requires_python = ">=3.8"
summary = "Computer algebra system (CAS) in Python"
groups = ["default"]
dependencies = [
    "mpmath<1.4,>=1.1.0",
]
files = [
    {file = "sympy-1.13.3-py3-none-any.whl", hash = "sha256:54612cf55a62755ee71824ce692986f23c88ffa77207b30c1368eda4a7060f73"},
    {file = "sympy-1.13.3.tar.gz", hash = "sha256:b27fd2c6530e0ab39e275fc9b683895367e51d5da91baa8d3d64db2565fec4d9"},
]

[[package]]
name = "tiktoken"
version = "0.3.3"
requires_python = ">=3.8"
summary = "tiktoken is a fast BPE tokeniser for use with OpenAI's models"
groups = ["default"]
dependencies = [
    "regex>=2022.1.18",
    "requests>=2.26.0",
]
files = [
    {file = "tiktoken-0.3.3-cp310-cp310-macosx_10_9_x86_64.whl", hash = "sha256:d1f37fa75ba70c1bc7806641e8ccea1fba667d23e6341a1591ea333914c226a9"},
    {file = "tiktoken-0.3.3-cp310-cp310-macosx_11_0_arm64.whl", hash = "sha256:3d7296c38392a943c2ccc0b61323086b8550cef08dcf6855de9949890dbc1fd3"},
    {file = "tiktoken-0.3.3-cp310-cp310-manylinux_2_17_aarch64.manylinux2014_aarch64.whl", hash = "sha256:3c84491965e139a905280ac28b74baaa13445b3678e07f96767089ad1ef5ee7b"},
    {file = "tiktoken-0.3.3-cp310-cp310-manylinux_2_17_x86_64.manylinux2014_x86_64.whl", hash = "sha256:65970d77ea85ce6c7fce45131da9258cd58a802ffb29ead8f5552e331c025b2b"},
    {file = "tiktoken-0.3.3-cp310-cp310-musllinux_1_1_aarch64.whl", hash = "sha256:bd3f72d0ba7312c25c1652292121a24c8f1711207b63c6d8dab21afe4be0bf04"},
    {file = "tiktoken-0.3.3-cp310-cp310-musllinux_1_1_x86_64.whl", hash = "sha256:719c9e13432602dc496b24f13e3c3ad3ec0d2fbdb9aace84abfb95e9c3a425a4"},
    {file = "tiktoken-0.3.3-cp310-cp310-win_amd64.whl", hash = "sha256:dc00772284c94e65045b984ed7e9f95d000034f6b2411df252011b069bd36217"},
    {file = "tiktoken-0.3.3.tar.gz", hash = "sha256:97b58b7bfda945791ec855e53d166e8ec20c6378942b93851a6c919ddf9d0496"},
]

[[package]]
name = "tokenizers"
version = "0.20.0"
requires_python = ">=3.7"
summary = ""
groups = ["default"]
dependencies = [
    "huggingface-hub<1.0,>=0.16.4",
]
files = [
    {file = "tokenizers-0.20.0-cp310-cp310-macosx_10_12_x86_64.whl", hash = "sha256:6cff5c5e37c41bc5faa519d6f3df0679e4b37da54ea1f42121719c5e2b4905c0"},
    {file = "tokenizers-0.20.0-cp310-cp310-macosx_11_0_arm64.whl", hash = "sha256:62a56bf75c27443432456f4ca5ca055befa95e25be8a28141cc495cac8ae4d6d"},
    {file = "tokenizers-0.20.0-cp310-cp310-manylinux_2_17_aarch64.manylinux2014_aarch64.whl", hash = "sha256:68cc7de6a63f09c4a86909c2597b995aa66e19df852a23aea894929c74369929"},
    {file = "tokenizers-0.20.0-cp310-cp310-manylinux_2_17_armv7l.manylinux2014_armv7l.whl", hash = "sha256:053c37ecee482cc958fdee53af3c6534286a86f5d35aac476f7c246830e53ae5"},
    {file = "tokenizers-0.20.0-cp310-cp310-manylinux_2_17_i686.manylinux2014_i686.whl", hash = "sha256:3d7074aaabc151a6363fa03db5493fc95b423b2a1874456783989e96d541c7b6"},
    {file = "tokenizers-0.20.0-cp310-cp310-manylinux_2_17_ppc64le.manylinux2014_ppc64le.whl", hash = "sha256:a11435780f2acd89e8fefe5e81cecf01776f6edb9b3ac95bcb76baee76b30b90"},
    {file = "tokenizers-0.20.0-cp310-cp310-manylinux_2_17_s390x.manylinux2014_s390x.whl", hash = "sha256:9a81cd2712973b007d84268d45fc3f6f90a79c31dfe7f1925e6732f8d2959987"},
    {file = "tokenizers-0.20.0-cp310-cp310-manylinux_2_17_x86_64.manylinux2014_x86_64.whl", hash = "sha256:d7dfd796ab9d909f76fb93080e1c7c8309f196ecb316eb130718cd5e34231c69"},
    {file = "tokenizers-0.20.0-cp310-cp310-musllinux_1_1_aarch64.whl", hash = "sha256:8029ad2aa8cb00605c9374566034c1cc1b15130713e0eb5afcef6cface8255c9"},
    {file = "tokenizers-0.20.0-cp310-cp310-musllinux_1_1_x86_64.whl", hash = "sha256:ca4d54260ebe97d59dfa9a30baa20d0c4dd9137d99a8801700055c561145c24e"},
    {file = "tokenizers-0.20.0-cp310-none-win32.whl", hash = "sha256:95ee16b57cec11b86a7940174ec5197d506439b0f415ab3859f254b1dffe9df0"},
    {file = "tokenizers-0.20.0-cp310-none-win_amd64.whl", hash = "sha256:0a61a11e93eeadbf02aea082ffc75241c4198e0608bbbac4f65a9026851dcf37"},
    {file = "tokenizers-0.20.0-pp310-pypy310_pp73-macosx_10_12_x86_64.whl", hash = "sha256:d68e15f1815357b059ec266062340c343ea7f98f7f330602df81ffa3474b6122"},
    {file = "tokenizers-0.20.0-pp310-pypy310_pp73-macosx_11_0_arm64.whl", hash = "sha256:23f9ecec637b9bc80da5f703808d29ed5329e56b5aa8d791d1088014f48afadc"},
    {file = "tokenizers-0.20.0-pp310-pypy310_pp73-manylinux_2_17_aarch64.manylinux2014_aarch64.whl", hash = "sha256:f830b318ee599e3d0665b3e325f85bc75ee2d2ca6285f52e439dc22b64691580"},
    {file = "tokenizers-0.20.0-pp310-pypy310_pp73-manylinux_2_17_i686.manylinux2014_i686.whl", hash = "sha256:b3dc750def789cb1de1b5a37657919545e1d9ffa667658b3fa9cb7862407a1b8"},
    {file = "tokenizers-0.20.0-pp310-pypy310_pp73-manylinux_2_17_x86_64.manylinux2014_x86_64.whl", hash = "sha256:e26e6c755ae884c2ea6135cd215bdd0fccafe4ee62405014b8c3cd19954e3ab9"},
    {file = "tokenizers-0.20.0-pp310-pypy310_pp73-musllinux_1_1_aarch64.whl", hash = "sha256:a1158c7174f427182e08baa2a8ded2940f2b4a3e94969a85cc9cfd16004cbcea"},
    {file = "tokenizers-0.20.0-pp310-pypy310_pp73-musllinux_1_1_x86_64.whl", hash = "sha256:6324826287a3fc198898d3dcf758fe4a8479e42d6039f4c59e2cedd3cf92f64e"},
    {file = "tokenizers-0.20.0.tar.gz", hash = "sha256:39d7acc43f564c274085cafcd1dae9d36f332456de1a31970296a6b8da4eac8d"},
]

[[package]]
name = "toml"
version = "0.10.2"
requires_python = ">=2.6, !=3.0.*, !=3.1.*, !=3.2.*"
summary = "Python Library for Tom's Obvious, Minimal Language"
groups = ["default"]
files = [
    {file = "toml-0.10.2-py2.py3-none-any.whl", hash = "sha256:806143ae5bfb6a3c6e736a764057db0e6a0e05e338b5630894a5f779cabb4f9b"},
    {file = "toml-0.10.2.tar.gz", hash = "sha256:b3bda1d108d5dd99f4a20d24d9c348e91c4db7ab1b749200bded2f839ccbe68f"},
]

[[package]]
name = "torch"
version = "2.4.1"
requires_python = ">=3.8.0"
summary = "Tensors and Dynamic neural networks in Python with strong GPU acceleration"
groups = ["default"]
dependencies = [
    "filelock",
    "fsspec",
    "jinja2",
    "networkx",
    "nvidia-cublas-cu12==12.1.3.1; platform_system == \"Linux\" and platform_machine == \"x86_64\"",
    "nvidia-cuda-cupti-cu12==12.1.105; platform_system == \"Linux\" and platform_machine == \"x86_64\"",
    "nvidia-cuda-nvrtc-cu12==12.1.105; platform_system == \"Linux\" and platform_machine == \"x86_64\"",
    "nvidia-cuda-runtime-cu12==12.1.105; platform_system == \"Linux\" and platform_machine == \"x86_64\"",
    "nvidia-cudnn-cu12==9.1.0.70; platform_system == \"Linux\" and platform_machine == \"x86_64\"",
    "nvidia-cufft-cu12==11.0.2.54; platform_system == \"Linux\" and platform_machine == \"x86_64\"",
    "nvidia-curand-cu12==10.3.2.106; platform_system == \"Linux\" and platform_machine == \"x86_64\"",
    "nvidia-cusolver-cu12==11.4.5.107; platform_system == \"Linux\" and platform_machine == \"x86_64\"",
    "nvidia-cusparse-cu12==12.1.0.106; platform_system == \"Linux\" and platform_machine == \"x86_64\"",
    "nvidia-nccl-cu12==2.20.5; platform_system == \"Linux\" and platform_machine == \"x86_64\"",
    "nvidia-nvtx-cu12==12.1.105; platform_system == \"Linux\" and platform_machine == \"x86_64\"",
    "sympy",
    "triton==3.0.0; platform_system == \"Linux\" and platform_machine == \"x86_64\" and python_version < \"3.13\"",
    "typing-extensions>=4.8.0",
]
files = [
    {file = "torch-2.4.1-cp310-cp310-manylinux1_x86_64.whl", hash = "sha256:362f82e23a4cd46341daabb76fba08f04cd646df9bfaf5da50af97cb60ca4971"},
    {file = "torch-2.4.1-cp310-cp310-manylinux2014_aarch64.whl", hash = "sha256:e8ac1985c3ff0f60d85b991954cfc2cc25f79c84545aead422763148ed2759e3"},
    {file = "torch-2.4.1-cp310-cp310-win_amd64.whl", hash = "sha256:91e326e2ccfb1496e3bee58f70ef605aeb27bd26be07ba64f37dcaac3d070ada"},
    {file = "torch-2.4.1-cp310-none-macosx_11_0_arm64.whl", hash = "sha256:d36a8ef100f5bff3e9c3cea934b9e0d7ea277cb8210c7152d34a9a6c5830eadd"},
]

[[package]]
name = "tqdm"
version = "4.66.5"
requires_python = ">=3.7"
summary = "Fast, Extensible Progress Meter"
groups = ["default"]
dependencies = [
    "colorama; platform_system == \"Windows\"",
]
files = [
    {file = "tqdm-4.66.5-py3-none-any.whl", hash = "sha256:90279a3770753eafc9194a0364852159802111925aa30eb3f9d85b0e805ac7cd"},
    {file = "tqdm-4.66.5.tar.gz", hash = "sha256:e1020aef2e5096702d8a025ac7d16b1577279c9d63f8375b63083e9a5f0fcbad"},
]

[[package]]
name = "transformers"
version = "4.45.1"
requires_python = ">=3.8.0"
summary = "State-of-the-art Machine Learning for JAX, PyTorch and TensorFlow"
groups = ["default"]
dependencies = [
    "filelock",
    "huggingface-hub<1.0,>=0.23.2",
    "numpy>=1.17",
    "packaging>=20.0",
    "pyyaml>=5.1",
    "regex!=2019.12.17",
    "requests",
    "safetensors>=0.4.1",
    "tokenizers<0.21,>=0.20",
    "tqdm>=4.27",
]
files = [
    {file = "transformers-4.45.1-py3-none-any.whl", hash = "sha256:21e3f47aa7256dbbfb5215937a3168a984c94432ce3a16b7908265807d62aee8"},
    {file = "transformers-4.45.1.tar.gz", hash = "sha256:9cace11072172df05ca6a694fcd1f5064a55b63285e492bd88f0ad1cec270f02"},
]

[[package]]
name = "transformers"
version = "4.45.1"
extras = ["sentencepiece"]
requires_python = ">=3.8.0"
summary = "State-of-the-art Machine Learning for JAX, PyTorch and TensorFlow"
groups = ["default"]
dependencies = [
    "protobuf",
    "sentencepiece!=0.1.92,>=0.1.91",
    "transformers==4.45.1",
]
files = [
    {file = "transformers-4.45.1-py3-none-any.whl", hash = "sha256:21e3f47aa7256dbbfb5215937a3168a984c94432ce3a16b7908265807d62aee8"},
    {file = "transformers-4.45.1.tar.gz", hash = "sha256:9cace11072172df05ca6a694fcd1f5064a55b63285e492bd88f0ad1cec270f02"},
]

[[package]]
name = "triton"
version = "3.0.0"
summary = "A language and compiler for custom Deep Learning operations"
groups = ["default"]
marker = "platform_system == \"Linux\" and platform_machine == \"x86_64\" and python_version < \"3.13\""
dependencies = [
    "filelock",
]
files = [
    {file = "triton-3.0.0-1-cp310-cp310-manylinux2014_x86_64.manylinux_2_17_x86_64.whl", hash = "sha256:e1efef76935b2febc365bfadf74bcb65a6f959a9872e5bddf44cc9e0adce1e1a"},
]

[[package]]
name = "typing-extensions"
version = "4.12.2"
requires_python = ">=3.8"
summary = "Backported and Experimental Type Hints for Python 3.8+"
groups = ["default"]
files = [
    {file = "typing_extensions-4.12.2-py3-none-any.whl", hash = "sha256:04e5ca0351e0f3f85c6853954072df659d0d13fac324d0072316b67d7794700d"},
    {file = "typing_extensions-4.12.2.tar.gz", hash = "sha256:1a7ead55c7e559dd4dee8856e3a88b41225abfe1ce8df57b7c13915fe121ffb8"},
]

[[package]]
name = "urllib3"
version = "2.2.3"
requires_python = ">=3.8"
summary = "HTTP library with thread-safe connection pooling, file post, and more."
groups = ["default"]
files = [
    {file = "urllib3-2.2.3-py3-none-any.whl", hash = "sha256:ca899ca043dcb1bafa3e262d73aa25c465bfb49e0bd9dd5d59f1d0acba2f8fac"},
    {file = "urllib3-2.2.3.tar.gz", hash = "sha256:e7d814a81dad81e6caf2ec9fdedb284ecc9c73076b62654547cc64ccdcae26e9"},
]
